
Microsoft Visual Studio Solution File, Format Version 12.00
# Visual Studio Version 16
VisualStudioVersion = 16.0.30804.86
MinimumVisualStudioVersion = 10.0.40219.1
Project("{F184B08F-C81C-45F6-A57F-5ABD9991F28F}") = "DontDieGame", "DontDieGame\DontDieGame.vbproj", "{A90B3AE3-AF5F-4FFD-AF27-917DA814203F}"
EndProject
Global
	GlobalSection(SolutionConfigurationPlatforms) = preSolution
		Debug|Any CPU = Debug|Any CPU
		Release|Any CPU = Release|Any CPU
	EndGlobalSection
	GlobalSection(ProjectConfigurationPlatforms) = postSolution
		{A90B3AE3-AF5F-4FFD-AF27-917DA814203F}.Debug|Any CPU.ActiveCfg = Debug|Any CPU
		{A90B3AE3-AF5F-4FFD-AF27-917DA814203F}.Debug|Any CPU.Build.0 = Debug|Any CPU
		{A90B3AE3-AF5F-4FFD-AF27-917DA814203F}.Release|Any CPU.ActiveCfg = Release|Any CPU
		{A90B3AE3-AF5F-4FFD-AF27-917DA814203F}.Release|Any CPU.Build.0 = Release|Any CPU
	EndGlobalSection
	GlobalSection(SolutionProperties) = preSolution
		HideSolutionNode = FALSE
	EndGlobalSection
	GlobalSection(ExtensibilityGlobals) = postSolution
		SolutionGuid = {68B63DB2-9B30-49E2-8EAC-6EFD3F08EA56}
	EndGlobalSection
EndGlobal
